version: 6
environments:
  default:
    channels:
    - url: https://conda.anaconda.org/conda-forge/
    options:
      pypi-prerelease-mode: if-necessary-or-explicit
    packages:
      win-64:
      - conda: https://conda.anaconda.org/conda-forge/win-64/clang-18-18.1.8-default_hac490eb_18.conda
      - conda: https://conda.anaconda.org/conda-forge/win-64/clang-18.1.8-default_hac490eb_18.conda
      - conda: https://conda.anaconda.org/conda-forge/win-64/clang-format-18.1.8-default_hac490eb_18.conda
      - conda: https://conda.anaconda.org/conda-forge/win-64/clang-tools-18.1.8-default_hac490eb_18.conda
      - conda: https://conda.anaconda.org/conda-forge/win-64/clangdev-18.1.8-default_hac490eb_18.conda
      - conda: https://conda.anaconda.org/conda-forge/win-64/clangxx-18.1.8-default_hac490eb_18.conda
      - conda: https://conda.anaconda.org/conda-forge/win-64/lefthook-2.1.9-h11686cb_0.conda
      - conda: https://conda.anaconda.org/conda-forge/win-64/libclang-18.1.8-default_hac490eb_18.conda
      - conda: https://conda.anaconda.org/conda-forge/win-64/libclang-cpp-18.1.8-default_hac490eb_18.conda
      - conda: https://conda.anaconda.org/conda-forge/win-64/libclang13-18.1.8-default_ha2db4b5_18.conda
      - conda: https://conda.anaconda.org/conda-forge/win-64/libiconv-1.18-hc1393d2_2.conda
      - conda: https://conda.anaconda.org/conda-forge/win-64/libllvm-c18-18.1.8-default_hac490eb_12.conda
      - conda: https://conda.anaconda.org/conda-forge/win-64/libllvm18-18.1.8-default_hac490eb_12.conda
      - conda: https://conda.anaconda.org/conda-forge/win-64/liblzma-5.8.3-hfd05255_0.conda
      - conda: https://conda.anaconda.org/conda-forge/win-64/libxml2-16-2.15.3-h692994f_0.conda
      - conda: https://conda.anaconda.org/conda-forge/win-64/libxml2-2.15.3-hbc0d294_0.conda
      - conda: https://conda.anaconda.org/conda-forge/win-64/libzlib-1.3.2-hfd05255_2.conda
      - conda: https://conda.anaconda.org/conda-forge/win-64/llvm-tools-18.1.8-default_hac490eb_12.conda
      - conda: https://conda.anaconda.org/conda-forge/win-64/llvmdev-18.1.8-default_hac490eb_12.conda
      - conda: https://conda.anaconda.org/conda-forge/win-64/nodejs-26.4.0-h80d1838_0.conda
      - conda: https://conda.anaconda.org/conda-forge/win-64/pnpm-11.9.0-hfe981f5_0.conda
      - conda: https://conda.anaconda.org/conda-forge/win-64/ucrt-10.0.26100.0-h57928b3_0.conda
      - conda: https://conda.anaconda.org/conda-forge/win-64/vc-14.5-h1b7c187_39.conda
      - conda: https://conda.anaconda.org/conda-forge/win-64/vc14_runtime-14.51.36231-h1b9f54f_39.conda
      - conda: https://conda.anaconda.org/conda-forge/win-64/vcomp14-14.51.36231-h1b9f54f_39.conda
      - conda: https://conda.anaconda.org/conda-forge/win-64/zstd-1.5.7-h534d264_6.conda
packages:
- conda: https://conda.anaconda.org/conda-forge/win-64/clang-18.1.8-default_hac490eb_18.conda
  sha256: 1011882ef895d75c382bb9d27b1c227c8b3a27d023291b3f7835f1ed1faf6ccc
  md5: 19c27c17341fdd8ed7d90d837edee135
  depends:
  - clang-18 18.1.8 default_hac490eb_18
  - libzlib >=1.3.1,<2.0a0
  - ucrt >=10.0.20348.0
  - vc >=14.3,<15
  - vc14_runtime >=14.44.35208
  - zstd >=1.5.7,<1.6.0a0
  license: Apache-2.0 WITH LLVM-exception
  license_family: Apache
  size: 97422873
  timestamp: 1773516221532
- conda: https://conda.anaconda.org/conda-forge/win-64/clang-18-18.1.8-default_hac490eb_18.conda
  sha256: 3262ec2abe738c8f418235b7dc68fd2b9515bc742cf6bf4100cd7531c59d3a6b
  md5: 2963faebfa30725084df7498c1639b04
  depends:
  - libzlib >=1.3.1,<2.0a0
  - ucrt >=10.0.20348.0
  - vc >=14.3,<15
  - vc14_runtime >=14.44.35208
  - zstd >=1.5.7,<1.6.0a0
  license: Apache-2.0 WITH LLVM-exception
  license_family: Apache
  size: 33238259
  timestamp: 1773516036739
- conda: https://conda.anaconda.org/conda-forge/win-64/clang-format-18.1.8-default_hac490eb_18.conda
  sha256: 8e1617c5b91876b5d0797a2a01d7b53e46810a8ca61999616c24ee46ffd027f9
  md5: a8b5fc9051e3ddd82aa6e558f28427b3
  depends:
  - ucrt >=10.0.20348.0
  - vc >=14.3,<15
  - vc14_runtime >=14.44.35208
  license: Apache-2.0 WITH LLVM-exception
  license_family: Apache
  size: 1229649
  timestamp: 1773517370122
- conda: https://conda.anaconda.org/conda-forge/win-64/clang-tools-18.1.8-default_hac490eb_18.conda
  sha256: 9d07dd6f3b25079091c725d2281a8e54ca2859c7f9607fffd3490128aa08c055
  md5: 9ac904d0ddb9927a7caa29fb02e2aa2a
  depends:
  - clang-format 18.1.8 default_hac490eb_18
  - libclang13 >=18.1.8
  - libxml2
  - libxml2-16 >=2.14.6
  - libzlib >=1.3.1,<2.0a0
  - ucrt >=10.0.20348.0
  - vc >=14.3,<15
  - vc14_runtime >=14.44.35208
  - zstd >=1.5.7,<1.6.0a0
  constrains:
  - clangdev 18.1.8
  license: Apache-2.0 WITH LLVM-exception
  license_family: Apache
  size: 253163685
  timestamp: 1773517800423
- conda: https://conda.anaconda.org/conda-forge/win-64/clangdev-18.1.8-default_hac490eb_18.conda
  sha256: ae61b1967c5da653615bbbf766d77ebbd4091570b79256f0cb1af3285ca68f2e
  md5: 6b530dcfc110609da8c90a171f040d93
  depends:
  - clang 18.1.8 default_hac490eb_18
  - clang-tools 18.1.8 default_hac490eb_18
  - clangxx 18.1.8 default_hac490eb_18
  - libclang 18.1.8 default_hac490eb_18
  - libclang-cpp 18.1.8 default_hac490eb_18
  - libxml2
  - libxml2-16 >=2.14.6
  - libzlib >=1.3.1,<2.0a0
  - llvmdev 18.1.8.*
  - ucrt >=10.0.20348.0
  - vc >=14.3,<15
  - vc14_runtime >=14.44.35208
  - zstd >=1.5.7,<1.6.0a0
  license: Apache-2.0 WITH LLVM-exception
  license_family: Apache
  size: 54063910
  timestamp: 1773518391584
- conda: https://conda.anaconda.org/conda-forge/win-64/clangxx-18.1.8-default_hac490eb_18.conda
  sha256: b5530046dc20c4056be75c71c5cbf9730ace06576da9592b2b0412eed9cd0e2e
  md5: 75fb7cbbceead99c35171a67ed8de2e7
  depends:
  - clang 18.1.8 default_hac490eb_18
  - libzlib >=1.3.1,<2.0a0
  - ucrt >=10.0.20348.0
  - vc >=14.3,<15
  - vc14_runtime >=14.44.35208
  - zstd >=1.5.7,<1.6.0a0
  license: Apache-2.0 WITH LLVM-exception
  license_family: Apache
  size: 64981372
  timestamp: 1773516492233
- conda: https://conda.anaconda.org/conda-forge/win-64/lefthook-2.1.9-h11686cb_0.conda
  sha256: b46014c4d379f16e178282b882c37e8f7acd0c1cd9207f386207ad6ddf023946
  md5: 45eee6f9d039ca2283f4c0a164853905
  license: MIT
  license_family: MIT
  size: 5448668
  timestamp: 1780061059296
- conda: https://conda.anaconda.org/conda-forge/win-64/libclang-18.1.8-default_hac490eb_18.conda
  sha256: 2963f1d410f92ebbef6b201fee54b1e6cef84f246135315d707e9689e7672e08
  md5: 3ef9436eccb7257201e0f43281672b3c
  depends:
  - libclang13 18.1.8 default_ha2db4b5_18
  - libxml2
  - libxml2-16 >=2.14.6
  - libzlib >=1.3.1,<2.0a0
  - ucrt >=10.0.20348.0
  - vc >=14.3,<15
  - vc14_runtime >=14.44.35208
  - zstd >=1.5.7,<1.6.0a0
  license: Apache-2.0 WITH LLVM-exception
  license_family: Apache
  size: 108403
  timestamp: 1773517124837
- conda: https://conda.anaconda.org/conda-forge/win-64/libclang-cpp-18.1.8-default_hac490eb_18.conda
  sha256: 9d1a6098a683f73a5244a22b11fa176975d4e714021b287e100bb31606377450
  md5: 2c5637cf08345ac2f81409b205920946
  depends:
  - libxml2
  - libxml2-16 >=2.14.6
  - libzlib >=1.3.1,<2.0a0
  - ucrt >=10.0.20348.0
  - vc >=14.3,<15
  - vc14_runtime >=14.44.35208
  - zstd >=1.5.7,<1.6.0a0
  license: Apache-2.0 WITH LLVM-exception
  license_family: Apache
  size: 93549
  timestamp: 1773516134621
- conda: https://conda.anaconda.org/conda-forge/win-64/libclang13-18.1.8-default_ha2db4b5_18.conda
  sha256: 5fba810467f0fff8bfc423406e8b9c93637c2b4a328b3707f828a775da7bc8ad
  md5: 94a500113c8f77eb372720f3cd62d7bb
  depends:
  - libzlib >=1.3.1,<2.0a0
  - ucrt >=10.0.20348.0
  - vc >=14.3,<15
  - vc14_runtime >=14.44.35208
  - zstd >=1.5.7,<1.6.0a0
  license: Apache-2.0 WITH LLVM-exception
  license_family: Apache
  size: 25372030
  timestamp: 1773516851678
- conda: https://conda.anaconda.org/conda-forge/win-64/libiconv-1.18-hc1393d2_2.conda
  sha256: 0dcdb1a5f01863ac4e8ba006a8b0dc1a02d2221ec3319b5915a1863254d7efa7
  md5: 64571d1dd6cdcfa25d0664a5950fdaa2
  depends:
  - ucrt >=10.0.20348.0
  - vc >=14.3,<15
  - vc14_runtime >=14.44.35208
  license: LGPL-2.1-only
  size: 696926
  timestamp: 1754909290005
- conda: https://conda.anaconda.org/conda-forge/win-64/libllvm-c18-18.1.8-default_hac490eb_12.conda
  sha256: 98aabff48920b28d02e4a6f19fc2a708934073e6ed05653fc5ea95a7ba9bb86d
  md5: f22a0ece763211c1e6e6defb4bd93791
  depends:
  - libxml2
  - libxml2-16 >=2.14.6
  - libzlib >=1.3.1,<2.0a0
  - ucrt >=10.0.20348.0
  - vc >=14.3,<15
  - vc14_runtime >=14.44.35208
  - zstd >=1.5.7,<1.6.0a0
  constrains:
  - llvmdev 18.1.8
  license: Apache-2.0 WITH LLVM-exception
  license_family: Apache
  size: 22991371
  timestamp: 1773663030822
- conda: https://conda.anaconda.org/conda-forge/win-64/libllvm18-18.1.8-default_hac490eb_12.conda
  sha256: e6a7ce9be81742e0e7afb6d6c1e4c925f45c6d8ded40a05b32aa056efe8e34cb
  md5: 45b38c5c0516ee1c978b42a03060c2ec
  depends:
  - libxml2
  - libxml2-16 >=2.14.6
  - libzlib >=1.3.1,<2.0a0
  - ucrt >=10.0.20348.0
  - vc >=14.3,<15
  - vc14_runtime >=14.44.35208
  - zstd >=1.5.7,<1.6.0a0
  license: Apache-2.0 WITH LLVM-exception
  license_family: Apache
  size: 61101
  timestamp: 1773662815589
- conda: https://conda.anaconda.org/conda-forge/win-64/liblzma-5.8.3-hfd05255_0.conda
  sha256: d636d1a25234063642f9c531a7bb58d84c1c496411280a36ea000bd122f078f1
  md5: 8f83619ab1588b98dd99c90b0bfc5c6d
  depends:
  - ucrt >=10.0.20348.0
  - vc >=14.3,<15
  - vc14_runtime >=14.44.35208
  constrains:
  - xz 5.8.3.*
  license: 0BSD
  size: 106486
  timestamp: 1775825663227
- conda: https://conda.anaconda.org/conda-forge/win-64/libxml2-2.15.3-hbc0d294_0.conda
  sha256: da68af9d9d28d65a6916db1bef68f8a25c64c4fdcf759f32a2d2f2f143220adf
  md5: e3b5acbb857a12f5d59e8d174bc536c0
  depends:
  - libiconv >=1.18,<2.0a0
  - liblzma >=5.8.3,<6.0a0
  - libxml2-16 2.15.3 h692994f_0
  - libzlib >=1.3.2,<2.0a0
  - ucrt >=10.0.20348.0
  - vc >=14.3,<15
  - vc14_runtime >=14.44.35208
  constrains:
  - icu <0.0a0
  license: MIT
  license_family: MIT
  size: 43916
  timestamp: 1776376994334
- conda: https://conda.anaconda.org/conda-forge/win-64/libxml2-16-2.15.3-h692994f_0.conda
  sha256: 8038084c60eda2006d0122d05e3364fe8db0a18935ca6ed0168b5ba5aa33f904
  md5: f7d6fcda29570e20851b78d92ea2154e
  depends:
  - libiconv >=1.18,<2.0a0
  - liblzma >=5.8.3,<6.0a0
  - libzlib >=1.3.2,<2.0a0
  - ucrt >=10.0.20348.0
  - vc >=14.3,<15
  - vc14_runtime >=14.44.35208
  constrains:
  - libxml2 2.15.3
  - icu <0.0a0
  license: MIT
  license_family: MIT
  size: 518869
  timestamp: 1776376971242
- conda: https://conda.anaconda.org/conda-forge/win-64/libzlib-1.3.2-hfd05255_2.conda
  sha256: 88609816e0cc7452bac637aaf65783e5edf4fee8a9f8e22bdc3a75882c536061
  md5: dbabbd6234dea34040e631f87676292f
  depends:
  - ucrt >=10.0.20348.0
  - vc >=14.3,<15
  - vc14_runtime >=14.44.35208
  constrains:
  - zlib 1.3.2 *_2
  license: Zlib
  license_family: Other
  size: 58347
  timestamp: 1774072851498
- conda: https://conda.anaconda.org/conda-forge/win-64/llvm-tools-18.1.8-default_hac490eb_12.conda
  sha256: 916f482b3e2da2a5d6eed80b37040e9bc7dab2abe1e5aa827d671f63daa77828
  md5: 32adc8650276dbbe1d52c60c0ba3b069
  depends:
  - libllvm18 18.1.8 default_hac490eb_12
  - libxml2
  - libxml2-16 >=2.14.6
  - libzlib >=1.3.1,<2.0a0
  - ucrt >=10.0.20348.0
  - vc >=14.3,<15
  - vc14_runtime >=14.44.35208
  - zstd >=1.5.7,<1.6.0a0
  constrains:
  - clang-tools 18.1.8
  - clang       18.1.8
  - llvmdev     18.1.8
  - llvm        18.1.8
  license: Apache-2.0 WITH LLVM-exception
  license_family: Apache
  size: 369227384
  timestamp: 1773663565589
- conda: https://conda.anaconda.org/conda-forge/win-64/llvmdev-18.1.8-default_hac490eb_12.conda
  sha256: 8c045fd32ad1a4de1129382dcebc107ac2453c70602fbff5823f956afb5cfa1f
  md5: 2111c26197b5fbd8d1a15adc6af4f798
  depends:
  - libllvm-c18 18.1.8 default_hac490eb_12
  - libllvm18 18.1.8 default_hac490eb_12
  - libxml2
  - libxml2-16 >=2.14.6
  - libzlib >=1.3.1,<2.0a0
  - llvm-tools 18.1.8 default_hac490eb_12
  - ucrt >=10.0.20348.0
  - vc >=14.3,<15
  - vc14_runtime >=14.44.35208
  - zstd >=1.5.7,<1.6.0a0
  constrains:
  - clang-tools 18.1.8
  - llvm-tools  18.1.8
  - clang       18.1.8
  - llvm        18.1.8
  license: Apache-2.0 WITH LLVM-exception
  license_family: Apache
  size: 100106926
  timestamp: 1773664546434
- conda: https://conda.anaconda.org/conda-forge/win-64/nodejs-26.4.0-h80d1838_0.conda
  sha256: e2bd6ca2fd92252ffc735b684f3d6d13b1408827f4df3715fe21cd6b50c3d430
  md5: e682530a6c2c69b86a6c19de2e20353a
  license: MIT
  license_family: MIT
  size: 34001765
  timestamp: 1782378511507
- conda: https://conda.anaconda.org/conda-forge/win-64/pnpm-11.9.0-hfe981f5_0.conda
  sha256: 9fa973548943a746165c190575b7e68a9f36cf398a1eb47470b00c87f4250701
  md5: 98fc4e5918a90a55e3bb4af75d28a319
  depends:
  - nodejs
  - vc >=14.3,<15
  - vc14_runtime >=14.44.35208
  - ucrt >=10.0.20348.0
  - nodejs >=26.3.1,<27.0a0
  license: MIT
  license_family: MIT
  size: 3883092
  timestamp: 1782238505491
- conda: https://conda.anaconda.org/conda-forge/win-64/ucrt-10.0.26100.0-h57928b3_0.conda
  sha256: 3005729dce6f3d3f5ec91dfc49fc75a0095f9cd23bab49efb899657297ac91a5
  md5: 71b24316859acd00bdb8b38f5e2ce328
  constrains:
  - vc14_runtime >=14.29.30037
  - vs2015_runtime >=14.29.30037
  license: LicenseRef-MicrosoftWindowsSDK10
  size: 694692
  timestamp: 1756385147981
- conda: https://conda.anaconda.org/conda-forge/win-64/vc-14.5-h1b7c187_39.conda
  sha256: 17693b60cb54f80c60275f003f3bfc1b128af56dbfd65c4fae37c64eeb755ce1
  md5: 2eacea63f545b97342da520df6854276
  depends:
  - vc14_runtime >=14.51.36231
  track_features:
  - vc14
  license: BSD-3-Clause
  license_family: BSD
  size: 20362
  timestamp: 1781320968457
- conda: https://conda.anaconda.org/conda-forge/win-64/vc14_runtime-14.51.36231-h1b9f54f_39.conda
  sha256: 8153ed849c92e891eacac0f2f8d7ecb79f9b5fd7f7917fbb896f252a60a40390
  md5: 06a5bf5a1ca16cce0df6eaa91fc42bc2
  depends:
  - ucrt >=10.0.20348.0
  - vcomp14 14.51.36231 h1b9f54f_39
  constrains:
  - vs2015_runtime 14.51.36231.* *_39
  license: LicenseRef-MicrosoftVisualCpp2015-2022Runtime
  license_family: Proprietary
  size: 737434
  timestamp: 1781320964561
- conda: https://conda.anaconda.org/conda-forge/win-64/vcomp14-14.51.36231-h1b9f54f_39.conda
  sha256: 07fb14713c4bc62e2533a2e23a363abfb0e65650681fba0ae4c840e2219350f3
  md5: 8b53a83fda40ec679e4d63fa32fae989
  depends:
  - ucrt >=10.0.20348.0
  constrains:
  - vs2015_runtime 14.51.36231.* *_39
  license: LicenseRef-MicrosoftVisualCpp2015-2022Runtime
  license_family: Proprietary
  size: 120684
  timestamp: 1781320948530
- conda: https://conda.anaconda.org/conda-forge/win-64/zstd-1.5.7-h534d264_6.conda
  sha256: 368d8628424966fd8f9c8018326a9c779e06913dd39e646cf331226acc90e5b2
  md5: 053b84beec00b71ea8ff7a4f84b55207
  depends:
  - vc >=14.3,<15
  - vc14_runtime >=14.44.35208
  - ucrt >=10.0.20348.0
  - libzlib >=1.3.1,<2.0a0
  license: BSD-3-Clause
  license_family: BSD
  size: 388453
  timestamp: 1764777142545
